
Microsoft Visual Studio Solution File, Format Version 12.00
# Visual Studio Version 17
VisualStudioVersion = 17.0.31903.59
MinimumVisualStudioVersion = 10.0.40219.1
Project("{2150E333-8FDC-42A3-9474-1A3956D46DE8}") = "src", "src", "{827E0CD3-B72D-47B6-A68D-7590B98EB39B}"
EndProject
Project("{FAE04EC0-301F-11D3-BF4B-00C04F79EFBC}") = "Zinema.Api", "src\Zinema.Api\Zinema.Api.csproj", "{1E1D61D6-6701-4475-B511-12D66F6262F4}"
EndProject
Project("{FAE04EC0-301F-11D3-BF4B-00C04F79EFBC}") = "Zinema.Application", "src\Zinema.Application\Zinema.Application.csproj", "{7E282D96-DA7E-40E9-A043-FC2641A18623}"
EndProject
Project("{FAE04EC0-301F-11D3-BF4B-00C04F79EFBC}") = "Zinema.Domain", "src\Zinema.Domain\Zinema.Domain.csproj", "{DE05F99B-9B94-465D-A7CE-3436AE2B99B5}"
EndProject
Project("{FAE04EC0-301F-11D3-BF4B-00C04F79EFBC}") = "Zinema.Infrastructure", "src\Zinema.Infrastructure\Zinema.Infrastructure.csproj", "{819C1D9C-574E-47EF-9441-67FAC984F86A}"
EndProject
Project("{FAE04EC0-301F-11D3-BF4B-00C04F79EFBC}") = "Zinema.Worker", "src\Zinema.Worker\Zinema.Worker.csproj", "{3A9FA7E6-CCFE-427B-855D-553617316796}"
EndProject
Project("{2150E333-8FDC-42A3-9474-1A3956D46DE8}") = "tests", "tests", "{0AB3BF05-4346-4AA6-1389-037BE0695223}"
EndProject
Project("{FAE04EC0-301F-11D3-BF4B-00C04F79EFBC}") = "Zinema.UnitTests", "tests\Zinema.UnitTests\Zinema.UnitTests.csproj", "{EAD7E925-FF93-422E-A65C-9EAF3A9E1374}"
EndProject
Project("{FAE04EC0-301F-11D3-BF4B-00C04F79EFBC}") = "Zinema.IntegrationTests", "tests\Zinema.IntegrationTests\Zinema.IntegrationTests.csproj", "{2D3C3C54-67CE-4F5D-AA8E-1049C31067EB}"
EndProject
Global
	GlobalSection(SolutionConfigurationPlatforms) = preSolution
		Debug|Any CPU = Debug|Any CPU
		Debug|x64 = Debug|x64
		Debug|x86 = Debug|x86
		Release|Any CPU = Release|Any CPU
		Release|x64 = Release|x64
		Release|x86 = Release|x86
	EndGlobalSection
	GlobalSection(ProjectConfigurationPlatforms) = postSolution
		{1E1D61D6-6701-4475-B511-12D66F6262F4}.Debug|Any CPU.ActiveCfg = Debug|Any CPU
		{1E1D61D6-6701-4475-B511-12D66F6262F4}.Debug|Any CPU.Build.0 = Debug|Any CPU
		{1E1D61D6-6701-4475-B511-12D66F6262F4}.Debug|x64.ActiveCfg = Debug|Any CPU
		{1E1D61D6-6701-4475-B511-12D66F6262F4}.Debug|x64.Build.0 = Debug|Any CPU
		{1E1D61D6-6701-4475-B511-12D66F6262F4}.Debug|x86.ActiveCfg = Debug|Any CPU
		{1E1D61D6-6701-4475-B511-12D66F6262F4}.Debug|x86.Build.0 = Debug|Any CPU
		{1E1D61D6-6701-4475-B511-12D66F6262F4}.Release|Any CPU.ActiveCfg = Release|Any CPU
		{1E1D61D6-6701-4475-B511-12D66F6262F4}.Release|Any CPU.Build.0 = Release|Any CPU
		{1E1D61D6-6701-4475-B511-12D66F6262F4}.Release|x64.ActiveCfg = Release|Any CPU
		{1E1D61D6-6701-4475-B511-12D66F6262F4}.Release|x64.Build.0 = Release|Any CPU
		{1E1D61D6-6701-4475-B511-12D66F6262F4}.Release|x86.ActiveCfg = Release|Any CPU
		{1E1D61D6-6701-4475-B511-12D66F6262F4}.Release|x86.Build.0 = Release|Any CPU
		{7E282D96-DA7E-40E9-A043-FC2641A18623}.Debug|Any CPU.ActiveCfg = Debug|Any CPU
		{7E282D96-DA7E-40E9-A043-FC2641A18623}.Debug|Any CPU.Build.0 = Debug|Any CPU
		{7E282D96-DA7E-40E9-A043-FC2641A18623}.Debug|x64.ActiveCfg = Debug|Any CPU
		{7E282D96-DA7E-40E9-A043-FC2641A18623}.Debug|x64.Build.0 = Debug|Any CPU
		{7E282D96-DA7E-40E9-A043-FC2641A18623}.Debug|x86.ActiveCfg = Debug|Any CPU
		{7E282D96-DA7E-40E9-A043-FC2641A18623}.Debug|x86.Build.0 = Debug|Any CPU
		{7E282D96-DA7E-40E9-A043-FC2641A18623}.Release|Any CPU.ActiveCfg = Release|Any CPU
		{7E282D96-DA7E-40E9-A043-FC2641A18623}.Release|Any CPU.Build.0 = Release|Any CPU
		{7E282D96-DA7E-40E9-A043-FC2641A18623}.Release|x64.ActiveCfg = Release|Any CPU
		{7E282D96-DA7E-40E9-A043-FC2641A18623}.Release|x64.Build.0 = Release|Any CPU
		{7E282D96-DA7E-40E9-A043-FC2641A18623}.Release|x86.ActiveCfg = Release|Any CPU
		{7E282D96-DA7E-40E9-A043-FC2641A18623}.Release|x86.Build.0 = Release|Any CPU
		{DE05F99B-9B94-465D-A7CE-3436AE2B99B5}.Debug|Any CPU.ActiveCfg = Debug|Any CPU
		{DE05F99B-9B94-465D-A7CE-3436AE2B99B5}.Debug|Any CPU.Build.0 = Debug|Any CPU
		{DE05F99B-9B94-465D-A7CE-3436AE2B99B5}.Debug|x64.ActiveCfg = Debug|Any CPU
		{DE05F99B-9B94-465D-A7CE-3436AE2B99B5}.Debug|x64.Build.0 = Debug|Any CPU
		{DE05F99B-9B94-465D-A7CE-3436AE2B99B5}.Debug|x86.ActiveCfg = Debug|Any CPU
		{DE05F99B-9B94-465D-A7CE-3436AE2B99B5}.Debug|x86.Build.0 = Debug|Any CPU
		{DE05F99B-9B94-465D-A7CE-3436AE2B99B5}.Release|Any CPU.ActiveCfg = Release|Any CPU
		{DE05F99B-9B94-465D-A7CE-3436AE2B99B5}.Release|Any CPU.Build.0 = Release|Any CPU
		{DE05F99B-9B94-465D-A7CE-3436AE2B99B5}.Release|x64.ActiveCfg = Release|Any CPU
		{DE05F99B-9B94-465D-A7CE-3436AE2B99B5}.Release|x64.Build.0 = Release|Any CPU
		{DE05F99B-9B94-465D-A7CE-3436AE2B99B5}.Release|x86.ActiveCfg = Release|Any CPU
		{DE05F99B-9B94-465D-A7CE-3436AE2B99B5}.Release|x86.Build.0 = Release|Any CPU
		{819C1D9C-574E-47EF-9441-67FAC984F86A}.Debug|Any CPU.ActiveCfg = Debug|Any CPU
		{819C1D9C-574E-47EF-9441-67FAC984F86A}.Debug|Any CPU.Build.0 = Debug|Any CPU
		{819C1D9C-574E-47EF-9441-67FAC984F86A}.Debug|x64.ActiveCfg = Debug|Any CPU
		{819C1D9C-574E-47EF-9441-67FAC984F86A}.Debug|x64.Build.0 = Debug|Any CPU
		{819C1D9C-574E-47EF-9441-67FAC984F86A}.Debug|x86.ActiveCfg = Debug|Any CPU
		{819C1D9C-574E-47EF-9441-67FAC984F86A}.Debug|x86.Build.0 = Debug|Any CPU
		{819C1D9C-574E-47EF-9441-67FAC984F86A}.Release|Any CPU.ActiveCfg = Release|Any CPU
		{819C1D9C-574E-47EF-9441-67FAC984F86A}.Release|Any CPU.Build.0 = Release|Any CPU
		{819C1D9C-574E-47EF-9441-67FAC984F86A}.Release|x64.ActiveCfg = Release|Any CPU
		{819C1D9C-574E-47EF-9441-67FAC984F86A}.Release|x64.Build.0 = Release|Any CPU
		{819C1D9C-574E-47EF-9441-67FAC984F86A}.Release|x86.ActiveCfg = Release|Any CPU
		{819C1D9C-574E-47EF-9441-67FAC984F86A}.Release|x86.Build.0 = Release|Any CPU
		{3A9FA7E6-CCFE-427B-855D-553617316796}.Debug|Any CPU.ActiveCfg = Debug|Any CPU
		{3A9FA7E6-CCFE-427B-855D-553617316796}.Debug|Any CPU.Build.0 = Debug|Any CPU
		{3A9FA7E6-CCFE-427B-855D-553617316796}.Debug|x64.ActiveCfg = Debug|Any CPU
		{3A9FA7E6-CCFE-427B-855D-553617316796}.Debug|x64.Build.0 = Debug|Any CPU
		{3A9FA7E6-CCFE-427B-855D-553617316796}.Debug|x86.ActiveCfg = Debug|Any CPU
		{3A9FA7E6-CCFE-427B-855D-553617316796}.Debug|x86.Build.0 = Debug|Any CPU
		{3A9FA7E6-CCFE-427B-855D-553617316796}.Release|Any CPU.ActiveCfg = Release|Any CPU
		{3A9FA7E6-CCFE-427B-855D-553617316796}.Release|Any CPU.Build.0 = Release|Any CPU
		{3A9FA7E6-CCFE-427B-855D-553617316796}.Release|x64.ActiveCfg = Release|Any CPU
		{3A9FA7E6-CCFE-427B-855D-553617316796}.Release|x64.Build.0 = Release|Any CPU
		{3A9FA7E6-CCFE-427B-855D-553617316796}.Release|x86.ActiveCfg = Release|Any CPU
		{3A9FA7E6-CCFE-427B-855D-553617316796}.Release|x86.Build.0 = Release|Any CPU
		{EAD7E925-FF93-422E-A65C-9EAF3A9E1374}.Debug|Any CPU.ActiveCfg = Debug|Any CPU
		{EAD7E925-FF93-422E-A65C-9EAF3A9E1374}.Debug|Any CPU.Build.0 = Debug|Any CPU
		{EAD7E925-FF93-422E-A65C-9EAF3A9E1374}.Debug|x64.ActiveCfg = Debug|Any CPU
		{EAD7E925-FF93-422E-A65C-9EAF3A9E1374}.Debug|x64.Build.0 = Debug|Any CPU
		{EAD7E925-FF93-422E-A65C-9EAF3A9E1374}.Debug|x86.ActiveCfg = Debug|Any CPU
		{EAD7E925-FF93-422E-A65C-9EAF3A9E1374}.Debug|x86.Build.0 = Debug|Any CPU
		{EAD7E925-FF93-422E-A65C-9EAF3A9E1374}.Release|Any CPU.ActiveCfg = Release|Any CPU
		{EAD7E925-FF93-422E-A65C-9EAF3A9E1374}.Release|Any CPU.Build.0 = Release|Any CPU
		{EAD7E925-FF93-422E-A65C-9EAF3A9E1374}.Release|x64.ActiveCfg = Release|Any CPU
		{EAD7E925-FF93-422E-A65C-9EAF3A9E1374}.Release|x64.Build.0 = Release|Any CPU
		{EAD7E925-FF93-422E-A65C-9EAF3A9E1374}.Release|x86.ActiveCfg = Release|Any CPU
		{EAD7E925-FF93-422E-A65C-9EAF3A9E1374}.Release|x86.Build.0 = Release|Any CPU
		{2D3C3C54-67CE-4F5D-AA8E-1049C31067EB}.Debug|Any CPU.ActiveCfg = Debug|Any CPU
		{2D3C3C54-67CE-4F5D-AA8E-1049C31067EB}.Debug|Any CPU.Build.0 = Debug|Any CPU
		{2D3C3C54-67CE-4F5D-AA8E-1049C31067EB}.Debug|x64.ActiveCfg = Debug|Any CPU
		{2D3C3C54-67CE-4F5D-AA8E-1049C31067EB}.Debug|x64.Build.0 = Debug|Any CPU
		{2D3C3C54-67CE-4F5D-AA8E-1049C31067EB}.Debug|x86.ActiveCfg = Debug|Any CPU
		{2D3C3C54-67CE-4F5D-AA8E-1049C31067EB}.Debug|x86.Build.0 = Debug|Any CPU
		{2D3C3C54-67CE-4F5D-AA8E-1049C31067EB}.Release|Any CPU.ActiveCfg = Release|Any CPU
		{2D3C3C54-67CE-4F5D-AA8E-1049C31067EB}.Release|Any CPU.Build.0 = Release|Any CPU
		{2D3C3C54-67CE-4F5D-AA8E-1049C31067EB}.Release|x64.ActiveCfg = Release|Any CPU
		{2D3C3C54-67CE-4F5D-AA8E-1049C31067EB}.Release|x64.Build.0 = Release|Any CPU
		{2D3C3C54-67CE-4F5D-AA8E-1049C31067EB}.Release|x86.ActiveCfg = Release|Any CPU
		{2D3C3C54-67CE-4F5D-AA8E-1049C31067EB}.Release|x86.Build.0 = Release|Any CPU
	EndGlobalSection
	GlobalSection(SolutionProperties) = preSolution
		HideSolutionNode = FALSE
	EndGlobalSection
	GlobalSection(NestedProjects) = preSolution
		{1E1D61D6-6701-4475-B511-12D66F6262F4} = {827E0CD3-B72D-47B6-A68D-7590B98EB39B}
		{7E282D96-DA7E-40E9-A043-FC2641A18623} = {827E0CD3-B72D-47B6-A68D-7590B98EB39B}
		{DE05F99B-9B94-465D-A7CE-3436AE2B99B5} = {827E0CD3-B72D-47B6-A68D-7590B98EB39B}
		{819C1D9C-574E-47EF-9441-67FAC984F86A} = {827E0CD3-B72D-47B6-A68D-7590B98EB39B}
		{3A9FA7E6-CCFE-427B-855D-553617316796} = {827E0CD3-B72D-47B6-A68D-7590B98EB39B}
		{EAD7E925-FF93-422E-A65C-9EAF3A9E1374} = {0AB3BF05-4346-4AA6-1389-037BE0695223}
		{2D3C3C54-67CE-4F5D-AA8E-1049C31067EB} = {0AB3BF05-4346-4AA6-1389-037BE0695223}
	EndGlobalSection
EndGlobal
